{
  "requires": true,
  "lockfileVersion": 1,
  "dependencies": {
    "vue-axios": {
      "version": "3.3.7",
      "resolved": "https://registry.npmjs.org/vue-axios/-/vue-axios-3.3.7.tgz",
      "integrity": "sha512-SmNFJIkM5YF4eWfaWfmCmORy52ZP5b8ml9PCTi7C0VsuQK4vwZON6ToNWuyFGCL6U/Fp/pzfIgdLLh/O/qKzYQ=="
    }
  }
}
